{
  "version": 4,
  "terraform_version": "1.14.6",
  "serial": 7,
  "lineage": "2a4abbd2-3abe-308a-d7cc-c3684c0dd6f6",
  "outputs": {},
  "resources": [
    {
      "mode": "managed",
      "type": "azurerm_nat_gateway",
      "name": "natgw-networktemplate",
      "provider": "provider[\"registry.terraform.io/hashicorp/azurerm\"]",
      "instances": [
        {
          "schema_version": 0,
          "attributes": {
            "id": "/subscriptions/657db82f-0d77-4a67-af61-b5d499081f45/resourceGroups/rg-terraform-networktemplate/providers/Microsoft.Network/natGateways/natgw-networktemplate",
            "idle_timeout_in_minutes": 4,
            "location": "northeurope",
            "name": "natgw-networktemplate",
            "resource_group_name": "rg-terraform-networktemplate",
            "resource_guid": "2e68da45-0284-4e07-8cb6-4cf8375ae82a",
            "sku_name": "Standard",
            "tags": null,
            "timeouts": null,
            "zones": null
          },
          "sensitive_attributes": [],
          "identity_schema_version": 0,
          "identity": {
            "name": "natgw-networktemplate",
            "resource_group_name": "rg-terraform-networktemplate",
            "subscription_id": "657db82f-0d77-4a67-af61-b5d499081f45"
          },
          "private": "eyJlMmJmYjczMC1lY2FhLTExZTYtOGY4OC0zNDM2M2JjN2M0YzAiOnsiY3JlYXRlIjozNjAwMDAwMDAwMDAwLCJkZWxldGUiOjM2MDAwMDAwMDAwMDAsInJlYWQiOjMwMDAwMDAwMDAwMCwidXBkYXRlIjozNjAwMDAwMDAwMDAwfX0=",
          "dependencies": [
            "azurerm_resource_group.rg-networktemplate"
          ]
        }
      ]
    },
    {
      "mode": "managed",
      "type": "azurerm_nat_gateway_public_ip_association",
      "name": "natgw-pip-association",
      "provider": "provider[\"registry.terraform.io/hashicorp/azurerm\"]",
      "instances": [
        {
          "schema_version": 0,
          "attributes": {
            "id": "/subscriptions/657db82f-0d77-4a67-af61-b5d499081f45/resourceGroups/rg-terraform-networktemplate/providers/Microsoft.Network/natGateways/natgw-networktemplate|/subscriptions/657db82f-0d77-4a67-af61-b5d499081f45/resourceGroups/rg-terraform-networktemplate/providers/Microsoft.Network/publicIPAddresses/acceptanceTestPublicIp1",
            "nat_gateway_id": "/subscriptions/657db82f-0d77-4a67-af61-b5d499081f45/resourceGroups/rg-terraform-networktemplate/providers/Microsoft.Network/natGateways/natgw-networktemplate",
            "public_ip_address_id": "/subscriptions/657db82f-0d77-4a67-af61-b5d499081f45/resourceGroups/rg-terraform-networktemplate/providers/Microsoft.Network/publicIPAddresses/acceptanceTestPublicIp1",
            "timeouts": null
          },
          "sensitive_attributes": [],
          "identity_schema_version": 0,
          "private": "eyJlMmJmYjczMC1lY2FhLTExZTYtOGY4OC0zNDM2M2JjN2M0YzAiOnsiY3JlYXRlIjoxODAwMDAwMDAwMDAwLCJkZWxldGUiOjE4MDAwMDAwMDAwMDAsInJlYWQiOjMwMDAwMDAwMDAwMH19",
          "dependencies": [
            "azurerm_nat_gateway.natgw-networktemplate",
            "azurerm_public_ip.pip-networktemplate",
            "azurerm_resource_group.rg-networktemplate"
          ]
        }
      ]
    },
    {
      "mode": "managed",
      "type": "azurerm_network_security_group",
      "name": "nsg-networktemplate",
      "provider": "provider[\"registry.terraform.io/hashicorp/azurerm\"]",
      "instances": [
        {
          "schema_version": 0,
          "attributes": {
            "id": "/subscriptions/657db82f-0d77-4a67-af61-b5d499081f45/resourceGroups/rg-terraform-networktemplate/providers/Microsoft.Network/networkSecurityGroups/nsg-networktemplate",
            "location": "northeurope",
            "name": "nsg-networktemplate",
            "resource_group_name": "rg-terraform-networktemplate",
            "security_rule": [],
            "tags": null,
            "timeouts": null
          },
          "sensitive_attributes": [],
          "identity_schema_version": 0,
          "identity": {
            "name": "nsg-networktemplate",
            "resource_group_name": "rg-terraform-networktemplate",
            "subscription_id": "657db82f-0d77-4a67-af61-b5d499081f45"
          },
          "private": "eyJlMmJmYjczMC1lY2FhLTExZTYtOGY4OC0zNDM2M2JjN2M0YzAiOnsiY3JlYXRlIjoxODAwMDAwMDAwMDAwLCJkZWxldGUiOjE4MDAwMDAwMDAwMDAsInJlYWQiOjMwMDAwMDAwMDAwMCwidXBkYXRlIjoxODAwMDAwMDAwMDAwfX0=",
          "dependencies": [
            "azurerm_resource_group.rg-networktemplate"
          ]
        }
      ]
    },
    {
      "mode": "managed",
      "type": "azurerm_public_ip",
      "name": "pip-networktemplate",
      "provider": "provider[\"registry.terraform.io/hashicorp/azurerm\"]",
      "instances": [
        {
          "schema_version": 0,
          "attributes": {
            "allocation_method": "Static",
            "ddos_protection_mode": "VirtualNetworkInherited",
            "ddos_protection_plan_id": null,
            "domain_name_label": null,
            "domain_name_label_scope": null,
            "edge_zone": "",
            "fqdn": null,
            "id": "/subscriptions/657db82f-0d77-4a67-af61-b5d499081f45/resourceGroups/rg-terraform-networktemplate/providers/Microsoft.Network/publicIPAddresses/acceptanceTestPublicIp1",
            "idle_timeout_in_minutes": 4,
            "ip_address": "68.219.96.48",
            "ip_tags": null,
            "ip_version": "IPv4",
            "location": "northeurope",
            "name": "acceptanceTestPublicIp1",
            "public_ip_prefix_id": null,
            "resource_group_name": "rg-terraform-networktemplate",
            "reverse_fqdn": null,
            "sku": "Standard",
            "sku_tier": "Regional",
            "tags": null,
            "timeouts": null,
            "zones": null
          },
          "sensitive_attributes": [],
          "identity_schema_version": 0,
          "identity": {
            "name": "acceptanceTestPublicIp1",
            "resource_group_name": "rg-terraform-networktemplate",
            "subscription_id": "657db82f-0d77-4a67-af61-b5d499081f45"
          },
          "private": "eyJlMmJmYjczMC1lY2FhLTExZTYtOGY4OC0zNDM2M2JjN2M0YzAiOnsiY3JlYXRlIjoxODAwMDAwMDAwMDAwLCJkZWxldGUiOjE4MDAwMDAwMDAwMDAsInJlYWQiOjMwMDAwMDAwMDAwMCwidXBkYXRlIjoxODAwMDAwMDAwMDAwfX0=",
          "dependencies": [
            "azurerm_resource_group.rg-networktemplate"
          ]
        }
      ]
    },
    {
      "mode": "managed",
      "type": "azurerm_resource_group",
      "name": "rg-networktemplate",
      "provider": "provider[\"registry.terraform.io/hashicorp/azurerm\"]",
      "instances": [
        {
          "schema_version": 0,
          "attributes": {
            "id": "/subscriptions/657db82f-0d77-4a67-af61-b5d499081f45/resourceGroups/rg-terraform-networktemplate",
            "location": "northeurope",
            "managed_by": "",
            "name": "rg-terraform-networktemplate",
            "tags": null,
            "timeouts": null
          },
          "sensitive_attributes": [],
          "identity_schema_version": 0,
          "identity": {
            "name": "rg-terraform-networktemplate",
            "subscription_id": "657db82f-0d77-4a67-af61-b5d499081f45"
          },
          "private": "eyJlMmJmYjczMC1lY2FhLTExZTYtOGY4OC0zNDM2M2JjN2M0YzAiOnsiY3JlYXRlIjo1NDAwMDAwMDAwMDAwLCJkZWxldGUiOjU0MDAwMDAwMDAwMDAsInJlYWQiOjMwMDAwMDAwMDAwMCwidXBkYXRlIjo1NDAwMDAwMDAwMDAwfX0="
        }
      ]
    },
    {
      "mode": "managed",
      "type": "azurerm_virtual_network",
      "name": "vnet-networktemplate",
      "provider": "provider[\"registry.terraform.io/hashicorp/azurerm\"]",
      "instances": [
        {
          "schema_version": 0,
          "attributes": {
            "address_space": [
              "172.16.0.0/16"
            ],
            "bgp_community": "",
            "ddos_protection_plan": [],
            "dns_servers": [],
            "edge_zone": "",
            "encryption": [],
            "flow_timeout_in_minutes": 0,
            "guid": "19f9be3c-1dc7-40b6-9ee6-0537944fd74c",
            "id": "/subscriptions/657db82f-0d77-4a67-af61-b5d499081f45/resourceGroups/rg-terraform-networktemplate/providers/Microsoft.Network/virtualNetworks/vnet-networktemplate",
            "ip_address_pool": [],
            "location": "northeurope",
            "name": "vnet-networktemplate",
            "private_endpoint_vnet_policies": "Disabled",
            "resource_group_name": "rg-terraform-networktemplate",
            "subnet": [
              {
                "address_prefixes": [
                  "172.16.1.0/24"
                ],
                "default_outbound_access_enabled": true,
                "delegation": [],
                "id": "/subscriptions/657db82f-0d77-4a67-af61-b5d499081f45/resourceGroups/rg-terraform-networktemplate/providers/Microsoft.Network/virtualNetworks/vnet-networktemplate/subnets/snetpublic",
                "name": "snetpublic",
                "private_endpoint_network_policies": "Disabled",
                "private_link_service_network_policies_enabled": true,
                "route_table_id": "",
                "security_group": "",
                "service_endpoint_policy_ids": [],
                "service_endpoints": []
              },
              {
                "address_prefixes": [
                  "172.16.2.0/24"
                ],
                "default_outbound_access_enabled": true,
                "delegation": [],
                "id": "/subscriptions/657db82f-0d77-4a67-af61-b5d499081f45/resourceGroups/rg-terraform-networktemplate/providers/Microsoft.Network/virtualNetworks/vnet-networktemplate/subnets/snetprivate",
                "name": "snetprivate",
                "private_endpoint_network_policies": "Enabled",
                "private_link_service_network_policies_enabled": true,
                "route_table_id": "",
                "security_group": "",
                "service_endpoint_policy_ids": [],
                "service_endpoints": []
              }
            ],
            "tags": null,
            "timeouts": null
          },
          "sensitive_attributes": [],
          "identity_schema_version": 0,
          "identity": {
            "name": "vnet-networktemplate",
            "resource_group_name": "rg-terraform-networktemplate",
            "subscription_id": "657db82f-0d77-4a67-af61-b5d499081f45"
          },
          "private": "eyJlMmJmYjczMC1lY2FhLTExZTYtOGY4OC0zNDM2M2JjN2M0YzAiOnsiY3JlYXRlIjoxODAwMDAwMDAwMDAwLCJkZWxldGUiOjE4MDAwMDAwMDAwMDAsInJlYWQiOjMwMDAwMDAwMDAwMCwidXBkYXRlIjoxODAwMDAwMDAwMDAwfX0=",
          "dependencies": [
            "azurerm_resource_group.rg-networktemplate"
          ]
        }
      ]
    }
  ],
  "check_results": null
}
