{
  "version": 4,
  "terraform_version": "1.14.6",
  "serial": 16,
  "lineage": "2a4abbd2-3abe-308a-d7cc-c3684c0dd6f6",
  "outputs": {},
  "resources": [
    {
      "mode": "managed",
      "type": "azurerm_nat_gateway",
      "name": "natgw-networktemplate",
      "provider": "provider[\"registry.terraform.io/hashicorp/azurerm\"]",
      "instances": [
        {
          "schema_version": 0,
          "attributes": {
            "id": "/subscriptions/657db82f-0d77-4a67-af61-b5d499081f45/resourceGroups/rg-terraform-networktemplate/providers/Microsoft.Network/natGateways/natgw-networktemplate",
            "idle_timeout_in_minutes": 4,
            "location": "northeurope",
            "name": "natgw-networktemplate",
            "resource_group_name": "rg-terraform-networktemplate",
            "resource_guid": "c96fa407-4b09-4e68-ada2-d16bbf38390d",
            "sku_name": "Standard",
            "tags": null,
            "timeouts": null,
            "zones": null
          },
          "sensitive_attributes": [],
          "identity_schema_version": 0,
          "identity": {
            "name": "natgw-networktemplate",
            "resource_group_name": "rg-terraform-networktemplate",
            "subscription_id": "657db82f-0d77-4a67-af61-b5d499081f45"
          },
          "private": "eyJlMmJmYjczMC1lY2FhLTExZTYtOGY4OC0zNDM2M2JjN2M0YzAiOnsiY3JlYXRlIjozNjAwMDAwMDAwMDAwLCJkZWxldGUiOjM2MDAwMDAwMDAwMDAsInJlYWQiOjMwMDAwMDAwMDAwMCwidXBkYXRlIjozNjAwMDAwMDAwMDAwfX0=",
          "dependencies": [
            "azurerm_resource_group.rg-networktemplate"
          ]
        }
      ]
    },
    {
      "mode": "managed",
      "type": "azurerm_nat_gateway_public_ip_association",
      "name": "natgw-pip-association",
      "provider": "provider[\"registry.terraform.io/hashicorp/azurerm\"]",
      "instances": [
        {
          "schema_version": 0,
          "attributes": {
            "id": "/subscriptions/657db82f-0d77-4a67-af61-b5d499081f45/resourceGroups/rg-terraform-networktemplate/providers/Microsoft.Network/natGateways/natgw-networktemplate|/subscriptions/657db82f-0d77-4a67-af61-b5d499081f45/resourceGroups/rg-terraform-networktemplate/providers/Microsoft.Network/publicIPAddresses/pip-natgw",
            "nat_gateway_id": "/subscriptions/657db82f-0d77-4a67-af61-b5d499081f45/resourceGroups/rg-terraform-networktemplate/providers/Microsoft.Network/natGateways/natgw-networktemplate",
            "public_ip_address_id": "/subscriptions/657db82f-0d77-4a67-af61-b5d499081f45/resourceGroups/rg-terraform-networktemplate/providers/Microsoft.Network/publicIPAddresses/pip-natgw",
            "timeouts": null
          },
          "sensitive_attributes": [],
          "identity_schema_version": 0,
          "private": "eyJlMmJmYjczMC1lY2FhLTExZTYtOGY4OC0zNDM2M2JjN2M0YzAiOnsiY3JlYXRlIjoxODAwMDAwMDAwMDAwLCJkZWxldGUiOjE4MDAwMDAwMDAwMDAsInJlYWQiOjMwMDAwMDAwMDAwMH19",
          "dependencies": [
            "azurerm_nat_gateway.natgw-networktemplate",
            "azurerm_public_ip.pip-networktemplate",
            "azurerm_resource_group.rg-networktemplate"
          ]
        }
      ]
    },
    {
      "mode": "managed",
      "type": "azurerm_public_ip",
      "name": "pip-networktemplate",
      "provider": "provider[\"registry.terraform.io/hashicorp/azurerm\"]",
      "instances": [
        {
          "schema_version": 0,
          "attributes": {
            "allocation_method": "Static",
            "ddos_protection_mode": "VirtualNetworkInherited",
            "ddos_protection_plan_id": null,
            "domain_name_label": null,
            "domain_name_label_scope": null,
            "edge_zone": "",
            "fqdn": null,
            "id": "/subscriptions/657db82f-0d77-4a67-af61-b5d499081f45/resourceGroups/rg-terraform-networktemplate/providers/Microsoft.Network/publicIPAddresses/pip-natgw",
            "idle_timeout_in_minutes": 4,
            "ip_address": "23.102.36.89",
            "ip_tags": null,
            "ip_version": "IPv4",
            "location": "northeurope",
            "name": "pip-natgw",
            "public_ip_prefix_id": null,
            "resource_group_name": "rg-terraform-networktemplate",
            "reverse_fqdn": null,
            "sku": "Standard",
            "sku_tier": "Regional",
            "tags": null,
            "timeouts": null,
            "zones": null
          },
          "sensitive_attributes": [],
          "identity_schema_version": 0,
          "identity": {
            "name": "pip-natgw",
            "resource_group_name": "rg-terraform-networktemplate",
            "subscription_id": "657db82f-0d77-4a67-af61-b5d499081f45"
          },
          "private": "eyJlMmJmYjczMC1lY2FhLTExZTYtOGY4OC0zNDM2M2JjN2M0YzAiOnsiY3JlYXRlIjoxODAwMDAwMDAwMDAwLCJkZWxldGUiOjE4MDAwMDAwMDAwMDAsInJlYWQiOjMwMDAwMDAwMDAwMCwidXBkYXRlIjoxODAwMDAwMDAwMDAwfX0=",
          "dependencies": [
            "azurerm_resource_group.rg-networktemplate"
          ]
        }
      ]
    },
    {
      "mode": "managed",
      "type": "azurerm_resource_group",
      "name": "rg-networktemplate",
      "provider": "provider[\"registry.terraform.io/hashicorp/azurerm\"]",
      "instances": [
        {
          "schema_version": 0,
          "attributes": {
            "id": "/subscriptions/657db82f-0d77-4a67-af61-b5d499081f45/resourceGroups/rg-terraform-networktemplate",
            "location": "northeurope",
            "managed_by": "",
            "name": "rg-terraform-networktemplate",
            "tags": null,
            "timeouts": null
          },
          "sensitive_attributes": [],
          "identity_schema_version": 0,
          "identity": {
            "name": "rg-terraform-networktemplate",
            "subscription_id": "657db82f-0d77-4a67-af61-b5d499081f45"
          },
          "private": "eyJlMmJmYjczMC1lY2FhLTExZTYtOGY4OC0zNDM2M2JjN2M0YzAiOnsiY3JlYXRlIjo1NDAwMDAwMDAwMDAwLCJkZWxldGUiOjU0MDAwMDAwMDAwMDAsInJlYWQiOjMwMDAwMDAwMDAwMCwidXBkYXRlIjo1NDAwMDAwMDAwMDAwfX0="
        }
      ]
    },
    {
      "mode": "managed",
      "type": "azurerm_subnet",
      "name": "snet-private",
      "provider": "provider[\"registry.terraform.io/hashicorp/azurerm\"]",
      "instances": [
        {
          "schema_version": 0,
          "attributes": {
            "address_prefixes": [
              "172.16.2.0/24"
            ],
            "default_outbound_access_enabled": true,
            "delegation": [],
            "id": "/subscriptions/657db82f-0d77-4a67-af61-b5d499081f45/resourceGroups/rg-terraform-networktemplate/providers/Microsoft.Network/virtualNetworks/vnet-networktemplate/subnets/snet-private",
            "ip_address_pool": [],
            "name": "snet-private",
            "private_endpoint_network_policies": "Enabled",
            "private_link_service_network_policies_enabled": true,
            "resource_group_name": "rg-terraform-networktemplate",
            "service_endpoint_policy_ids": null,
            "service_endpoints": null,
            "sharing_scope": "",
            "timeouts": null,
            "virtual_network_name": "vnet-networktemplate"
          },
          "sensitive_attributes": [],
          "identity_schema_version": 0,
          "identity": {
            "name": "snet-private",
            "resource_group_name": "rg-terraform-networktemplate",
            "subscription_id": "657db82f-0d77-4a67-af61-b5d499081f45",
            "virtual_network_name": "vnet-networktemplate"
          },
          "private": "eyJlMmJmYjczMC1lY2FhLTExZTYtOGY4OC0zNDM2M2JjN2M0YzAiOnsiY3JlYXRlIjoxODAwMDAwMDAwMDAwLCJkZWxldGUiOjE4MDAwMDAwMDAwMDAsInJlYWQiOjMwMDAwMDAwMDAwMCwidXBkYXRlIjoxODAwMDAwMDAwMDAwfX0=",
          "dependencies": [
            "azurerm_resource_group.rg-networktemplate",
            "azurerm_virtual_network.vnet-networktemplate"
          ]
        }
      ]
    },
    {
      "mode": "managed",
      "type": "azurerm_subnet",
      "name": "snet-public",
      "provider": "provider[\"registry.terraform.io/hashicorp/azurerm\"]",
      "instances": [
        {
          "schema_version": 0,
          "attributes": {
            "address_prefixes": [
              "172.16.1.0/24"
            ],
            "default_outbound_access_enabled": true,
            "delegation": [],
            "id": "/subscriptions/657db82f-0d77-4a67-af61-b5d499081f45/resourceGroups/rg-terraform-networktemplate/providers/Microsoft.Network/virtualNetworks/vnet-networktemplate/subnets/snet-public",
            "ip_address_pool": [],
            "name": "snet-public",
            "private_endpoint_network_policies": "Disabled",
            "private_link_service_network_policies_enabled": true,
            "resource_group_name": "rg-terraform-networktemplate",
            "service_endpoint_policy_ids": null,
            "service_endpoints": null,
            "sharing_scope": "",
            "timeouts": null,
            "virtual_network_name": "vnet-networktemplate"
          },
          "sensitive_attributes": [],
          "identity_schema_version": 0,
          "identity": {
            "name": "snet-public",
            "resource_group_name": "rg-terraform-networktemplate",
            "subscription_id": "657db82f-0d77-4a67-af61-b5d499081f45",
            "virtual_network_name": "vnet-networktemplate"
          },
          "private": "eyJlMmJmYjczMC1lY2FhLTExZTYtOGY4OC0zNDM2M2JjN2M0YzAiOnsiY3JlYXRlIjoxODAwMDAwMDAwMDAwLCJkZWxldGUiOjE4MDAwMDAwMDAwMDAsInJlYWQiOjMwMDAwMDAwMDAwMCwidXBkYXRlIjoxODAwMDAwMDAwMDAwfX0=",
          "dependencies": [
            "azurerm_resource_group.rg-networktemplate",
            "azurerm_virtual_network.vnet-networktemplate"
          ]
        }
      ]
    },
    {
      "mode": "managed",
      "type": "azurerm_subnet_nat_gateway_association",
      "name": "natgw-subnet-association",
      "provider": "provider[\"registry.terraform.io/hashicorp/azurerm\"]",
      "instances": [
        {
          "schema_version": 0,
          "attributes": {
            "id": "/subscriptions/657db82f-0d77-4a67-af61-b5d499081f45/resourceGroups/rg-terraform-networktemplate/providers/Microsoft.Network/virtualNetworks/vnet-networktemplate/subnets/snet-private",
            "nat_gateway_id": "/subscriptions/657db82f-0d77-4a67-af61-b5d499081f45/resourceGroups/rg-terraform-networktemplate/providers/Microsoft.Network/natGateways/natgw-networktemplate",
            "subnet_id": "/subscriptions/657db82f-0d77-4a67-af61-b5d499081f45/resourceGroups/rg-terraform-networktemplate/providers/Microsoft.Network/virtualNetworks/vnet-networktemplate/subnets/snet-private",
            "timeouts": null
          },
          "sensitive_attributes": [],
          "identity_schema_version": 0,
          "private": "eyJlMmJmYjczMC1lY2FhLTExZTYtOGY4OC0zNDM2M2JjN2M0YzAiOnsiY3JlYXRlIjoxODAwMDAwMDAwMDAwLCJkZWxldGUiOjE4MDAwMDAwMDAwMDAsInJlYWQiOjMwMDAwMDAwMDAwMH19",
          "dependencies": [
            "azurerm_nat_gateway.natgw-networktemplate",
            "azurerm_resource_group.rg-networktemplate",
            "azurerm_subnet.snet-private",
            "azurerm_virtual_network.vnet-networktemplate"
          ]
        }
      ]
    },
    {
      "mode": "managed",
      "type": "azurerm_virtual_network",
      "name": "vnet-networktemplate",
      "provider": "provider[\"registry.terraform.io/hashicorp/azurerm\"]",
      "instances": [
        {
          "schema_version": 0,
          "attributes": {
            "address_space": [
              "172.16.0.0/16"
            ],
            "bgp_community": "",
            "ddos_protection_plan": [],
            "dns_servers": [],
            "edge_zone": "",
            "encryption": [],
            "flow_timeout_in_minutes": 0,
            "guid": "e9eb227e-0c0f-47d8-b254-be7beec898df",
            "id": "/subscriptions/657db82f-0d77-4a67-af61-b5d499081f45/resourceGroups/rg-terraform-networktemplate/providers/Microsoft.Network/virtualNetworks/vnet-networktemplate",
            "ip_address_pool": [],
            "location": "northeurope",
            "name": "vnet-networktemplate",
            "private_endpoint_vnet_policies": "Disabled",
            "resource_group_name": "rg-terraform-networktemplate",
            "subnet": [],
            "tags": null,
            "timeouts": null
          },
          "sensitive_attributes": [],
          "identity_schema_version": 0,
          "identity": {
            "name": "vnet-networktemplate",
            "resource_group_name": "rg-terraform-networktemplate",
            "subscription_id": "657db82f-0d77-4a67-af61-b5d499081f45"
          },
          "private": "eyJlMmJmYjczMC1lY2FhLTExZTYtOGY4OC0zNDM2M2JjN2M0YzAiOnsiY3JlYXRlIjoxODAwMDAwMDAwMDAwLCJkZWxldGUiOjE4MDAwMDAwMDAwMDAsInJlYWQiOjMwMDAwMDAwMDAwMCwidXBkYXRlIjoxODAwMDAwMDAwMDAwfX0=",
          "dependencies": [
            "azurerm_resource_group.rg-networktemplate"
          ]
        }
      ]
    }
  ],
  "check_results": null
}
